
Microsoft Visual Studio Solution File, Format Version 12.00
# Visual Studio 2012
Project("{FAE04EC0-301F-11D3-BF4B-00C04F79EFBC}") = "Demo", "DemoiOS\Demo.csproj", "{A308A097-3365-4F4B-B547-068F66AD4B14}"
EndProject
Project("{FAE04EC0-301F-11D3-BF4B-00C04F79EFBC}") = "DemoiOS.UITests", "DemoiOS.UITests\DemoiOS.UITests.csproj", "{E2C234BA-5CC6-4996-9DBA-CC564EC74E7E}"
EndProject
Global
	GlobalSection(SolutionConfigurationPlatforms) = preSolution
		Debug|iPhoneSimulator = Debug|iPhoneSimulator
		Release|iPhone = Release|iPhone
		Release|iPhoneSimulator = Release|iPhoneSimulator
		Debug|iPhone = Debug|iPhone
		Debug|Any CPU = Debug|Any CPU
		Release|Any CPU = Release|Any CPU
	EndGlobalSection
	GlobalSection(ProjectConfigurationPlatforms) = postSolution
		{A308A097-3365-4F4B-B547-068F66AD4B14}.Debug|iPhoneSimulator.ActiveCfg = Debug|iPhoneSimulator
		{A308A097-3365-4F4B-B547-068F66AD4B14}.Debug|iPhoneSimulator.Build.0 = Debug|iPhoneSimulator
		{A308A097-3365-4F4B-B547-068F66AD4B14}.Release|iPhone.ActiveCfg = Release|iPhone
		{A308A097-3365-4F4B-B547-068F66AD4B14}.Release|iPhone.Build.0 = Release|iPhone
		{A308A097-3365-4F4B-B547-068F66AD4B14}.Release|iPhoneSimulator.ActiveCfg = Release|iPhoneSimulator
		{A308A097-3365-4F4B-B547-068F66AD4B14}.Release|iPhoneSimulator.Build.0 = Release|iPhoneSimulator
		{A308A097-3365-4F4B-B547-068F66AD4B14}.Debug|iPhone.ActiveCfg = Debug|iPhone
		{A308A097-3365-4F4B-B547-068F66AD4B14}.Debug|iPhone.Build.0 = Debug|iPhone
		{A308A097-3365-4F4B-B547-068F66AD4B14}.Debug|Any CPU.ActiveCfg = Debug|iPhoneSimulator
		{A308A097-3365-4F4B-B547-068F66AD4B14}.Debug|Any CPU.Build.0 = Debug|iPhoneSimulator
		{A308A097-3365-4F4B-B547-068F66AD4B14}.Release|Any CPU.ActiveCfg = Release|iPhone
		{A308A097-3365-4F4B-B547-068F66AD4B14}.Release|Any CPU.Build.0 = Release|iPhone
		{E2C234BA-5CC6-4996-9DBA-CC564EC74E7E}.Debug|iPhoneSimulator.ActiveCfg = Debug|Any CPU
		{E2C234BA-5CC6-4996-9DBA-CC564EC74E7E}.Debug|iPhoneSimulator.Build.0 = Debug|Any CPU
		{E2C234BA-5CC6-4996-9DBA-CC564EC74E7E}.Release|iPhone.ActiveCfg = Release|Any CPU
		{E2C234BA-5CC6-4996-9DBA-CC564EC74E7E}.Release|iPhone.Build.0 = Release|Any CPU
		{E2C234BA-5CC6-4996-9DBA-CC564EC74E7E}.Release|iPhoneSimulator.ActiveCfg = Release|Any CPU
		{E2C234BA-5CC6-4996-9DBA-CC564EC74E7E}.Release|iPhoneSimulator.Build.0 = Release|Any CPU
		{E2C234BA-5CC6-4996-9DBA-CC564EC74E7E}.Debug|iPhone.ActiveCfg = Debug|Any CPU
		{E2C234BA-5CC6-4996-9DBA-CC564EC74E7E}.Debug|iPhone.Build.0 = Debug|Any CPU
		{E2C234BA-5CC6-4996-9DBA-CC564EC74E7E}.Debug|Any CPU.ActiveCfg = Debug|Any CPU
		{E2C234BA-5CC6-4996-9DBA-CC564EC74E7E}.Debug|Any CPU.Build.0 = Debug|Any CPU
		{E2C234BA-5CC6-4996-9DBA-CC564EC74E7E}.Release|Any CPU.ActiveCfg = Release|Any CPU
		{E2C234BA-5CC6-4996-9DBA-CC564EC74E7E}.Release|Any CPU.Build.0 = Release|Any CPU
	EndGlobalSection
EndGlobal
